# This file is automatically @generated by Wally.
# It is not intended for manual editing.
registry = "test"

[[package]]
name = "aykut92/replica"
version = "0.1.7"
dependencies = []

[[package]]
name = "csqrl/sift"
version = "0.0.11"
dependencies = []

[[package]]
name = "rafael/framework"
version = "0.1.0"
dependencies = [["replica", "aykut92/replica@0.1.7"], ["sift", "csqrl/sift@0.0.11"]]
